# Generated by move; do not edit
# This file should be checked in.

[move]
version = 4

[pinned.mainnet.MoveStdlib]
source = { git = "https://github.com/MystenLabs/sui.git", subdir = "crates/sui-framework/packages/move-stdlib", rev = "b124567746b3a78a7e294ac2de265f693401ec9d" }
use_environment = "mainnet"
manifest_digest = "C4FE4C91DE74CBF223B2E380AE40F592177D21870DC2D7EB6227D2D694E05363"
deps = {}

[pinned.mainnet.MoveStdlib_1]
source = { git = "https://github.com/MystenLabs/sui.git", subdir = "crates/sui-framework/packages/move-stdlib", rev = "041c5f2bae2fe52079e44b70514333532d69f4e6" }
use_environment = "mainnet"
manifest_digest = "C4FE4C91DE74CBF223B2E380AE40F592177D21870DC2D7EB6227D2D694E05363"
deps = {}

[pinned.mainnet.Pyth]
source = { git = "https://github.com/pyth-network/pyth-crosschain.git", subdir = "target_chains/sui/contracts", rev = "3bd1262dcba9518a6901aa6a15f04072799bfb37" }
use_environment = "mainnet"
manifest_digest = "F2C5AF85C4B72C8F6A8132D05DE4F787F4EB80DBFF812331ED65AE599E7DF92A"
deps = { Sui = "Sui_1", Wormhole = "Wormhole" }

[pinned.mainnet.PythProCompatible]
source = { git = "https://github.com/pyth-network/pyth-crosschain.git", subdir = "target_chains/sui/contracts", rev = "aa291266173173480efef77b9454f2dbc2b4fd62" }
use_environment = "mainnet"
manifest_digest = "3D2B5BBF2058F3C9DCA3527CC2486C518124687B60479CA9875E5475652B7BBC"
deps = { Sui = "Sui_1", WormholeSimpleMajority = "WormholeSimpleMajority" }

[pinned.mainnet.Sui]
source = { git = "https://github.com/MystenLabs/sui.git", subdir = "crates/sui-framework/packages/sui-framework", rev = "b124567746b3a78a7e294ac2de265f693401ec9d" }
use_environment = "mainnet"
manifest_digest = "CD547CB1ACCE0880C835DAED2D8FFCB91D56C833AE5240D3AA5B918398263195"
deps = { MoveStdlib = "MoveStdlib" }

[pinned.mainnet.Sui_1]
source = { git = "https://github.com/MystenLabs/sui.git", subdir = "crates/sui-framework/packages/sui-framework", rev = "041c5f2bae2fe52079e44b70514333532d69f4e6" }
use_environment = "mainnet"
manifest_digest = "CD547CB1ACCE0880C835DAED2D8FFCB91D56C833AE5240D3AA5B918398263195"
deps = { MoveStdlib = "MoveStdlib_1" }

[pinned.mainnet.Wormhole]
source = { git = "https://github.com/wormhole-foundation/wormhole.git", subdir = "sui/wormhole", rev = "b71be5cbb9537c4aac8e23e74371affa3825efcd" }
use_environment = "mainnet"
manifest_digest = "0D766A0380B75080707CFA6099AF469A2E502B0D9DC334A9E9983B391C5555D9"
deps = { Sui = "Sui_1" }

[pinned.mainnet.WormholeSimpleMajority]
source = { git = "https://github.com/pyth-network/pyth-crosschain.git", subdir = "target_chains/sui/vendor/wormhole_simple_majority/wormhole", rev = "aa291266173173480efef77b9454f2dbc2b4fd62" }
use_environment = "mainnet"
manifest_digest = "0D766A0380B75080707CFA6099AF469A2E502B0D9DC334A9E9983B391C5555D9"
deps = { Sui = "Sui_1" }

[pinned.mainnet.deepbook]
source = { local = "../deepbook" }
use_environment = "mainnet"
manifest_digest = "BBE7F8BFEF088532C5358623C6F5B3153EE14B3265ABA833B0F3CF9D313264A7"
deps = { std = "MoveStdlib", sui = "Sui", token = "token" }

[pinned.mainnet.deepbook_margin]
source = { local = "../deepbook_margin" }
use_environment = "mainnet"
manifest_digest = "C9D871E59084AF0199A3192A54177745795C81CF45BD8A6C4D9C0F9B4822A42F"
deps = { deepbook = "deepbook", pyth = "Pyth", pyth_upgraded = "PythProCompatible", std = "MoveStdlib", sui = "Sui", token = "token" }

[pinned.mainnet.margin_liquidation]
source = { root = true }
use_environment = "mainnet"
manifest_digest = "88083BD72572175B833861796C27F6E220C592E25E92392F9FCF45228EE38EEA"
deps = { deepbook = "deepbook", deepbook_margin = "deepbook_margin", pyth = "Pyth", pyth_upgraded = "PythProCompatible", std = "MoveStdlib", sui = "Sui", token = "token" }

[pinned.mainnet.token]
source = { local = "../token" }
use_environment = "mainnet"
manifest_digest = "E41BBD67BE8940D26C79D78B028477EF5B33BA217A1282C78ACB344CF8A5ECF6"
deps = { std = "MoveStdlib", sui = "Sui" }

[pinned.testnet.MoveStdlib]
source = { git = "https://github.com/MystenLabs/sui.git", subdir = "crates/sui-framework/packages/move-stdlib", rev = "2a0becb2fcc6989e492981104af67f62f2c9511a" }
use_environment = "testnet"
manifest_digest = "C4FE4C91DE74CBF223B2E380AE40F592177D21870DC2D7EB6227D2D694E05363"
deps = {}

[pinned.testnet.MoveStdlib_1]
source = { git = "https://github.com/MystenLabs/sui.git", subdir = "crates/sui-framework/packages/move-stdlib", rev = "041c5f2bae2fe52079e44b70514333532d69f4e6" }
use_environment = "testnet"
manifest_digest = "C4FE4C91DE74CBF223B2E380AE40F592177D21870DC2D7EB6227D2D694E05363"
deps = {}

[pinned.testnet.Pyth]
source = { git = "https://github.com/pyth-network/pyth-crosschain.git", subdir = "target_chains/sui/contracts", rev = "62c7a5bc0fc857ba6417ad780190552d4919ceca" }
use_environment = "testnet"
manifest_digest = "EE442EEB0E1F71B244DBB1E016B1D0D8F67061BDAFA606B6C86F093D15CA0755"
deps = { Sui = "Sui_1", Wormhole = "Wormhole" }

[pinned.testnet.PythProCompatible]
source = { git = "https://github.com/pyth-network/pyth-crosschain.git", subdir = "target_chains/sui/contracts", rev = "6c78a4d882daf4d91457ad5142cb58fc7e376f98" }
use_environment = "testnet"
manifest_digest = "AEAC3FAD5DCF925755E55B4498F4CED3B564F87B638049EF0A7C4E9F2EA7E9EC"
deps = { Sui = "Sui_1", WormholeSimpleMajority = "WormholeSimpleMajority" }

[pinned.testnet.Sui]
source = { git = "https://github.com/MystenLabs/sui.git", subdir = "crates/sui-framework/packages/sui-framework", rev = "2a0becb2fcc6989e492981104af67f62f2c9511a" }
use_environment = "testnet"
manifest_digest = "7AFB66695545775FBFBB2D3078ADFD084244D5002392E837FDE21D9EA1C6D01C"
deps = { MoveStdlib = "MoveStdlib" }

[pinned.testnet.Sui_1]
source = { git = "https://github.com/MystenLabs/sui.git", subdir = "crates/sui-framework/packages/sui-framework", rev = "041c5f2bae2fe52079e44b70514333532d69f4e6" }
use_environment = "testnet"
manifest_digest = "7AFB66695545775FBFBB2D3078ADFD084244D5002392E837FDE21D9EA1C6D01C"
deps = { MoveStdlib = "MoveStdlib_1" }

[pinned.testnet.Wormhole]
source = { git = "https://github.com/wormhole-foundation/wormhole.git", subdir = "sui/wormhole", rev = "1b1cb69e809e0e7081cf1bf9b2779c41c14fc7f0" }
use_environment = "testnet"
manifest_digest = "6996F1AB8CD448FFBA142C085C488FE8A46B485E61E38A1891EFA52B30D9C12E"
deps = { Sui = "Sui_1" }

[pinned.testnet.WormholeSimpleMajority]
source = { git = "https://github.com/pyth-network/pyth-crosschain.git", subdir = "target_chains/sui/vendor/wormhole_simple_majority/wormhole", rev = "6c78a4d882daf4d91457ad5142cb58fc7e376f98" }
use_environment = "testnet"
manifest_digest = "6996F1AB8CD448FFBA142C085C488FE8A46B485E61E38A1891EFA52B30D9C12E"
deps = { Sui = "Sui_1" }

[pinned.testnet.deepbook]
source = { local = "../deepbook" }
use_environment = "testnet"
manifest_digest = "3DECFD089EF4CF0E0FE3E02E5C68B9A98D367A222C40A7A8A9AF67FED6D65ED4"
deps = { std = "MoveStdlib", sui = "Sui", token = "token" }

[pinned.testnet.deepbook_margin]
source = { local = "../deepbook_margin" }
use_environment = "testnet"
manifest_digest = "AF8694477C10708442B2580C5996BD1DF557353FE1D6D73CBDA39BFE9E13759F"
deps = { deepbook = "deepbook", pyth = "Pyth", pyth_upgraded = "PythProCompatible", std = "MoveStdlib", sui = "Sui", token = "token" }

[pinned.testnet.margin_liquidation]
source = { root = true }
use_environment = "testnet"
manifest_digest = "7983202D3F46EE07A2A3A52F8E9B2B5C60EA5DF2E946034A481F76371D2F8D68"
deps = { deepbook = "deepbook", deepbook_margin = "deepbook_margin", pyth = "Pyth", pyth_upgraded = "PythProCompatible", std = "MoveStdlib", sui = "Sui", token = "token" }

[pinned.testnet.token]
source = { local = "../token" }
use_environment = "testnet"
manifest_digest = "5745706258F61D6CE210904B3E6AE87A73CE9D31A6F93BE4718C442529332A87"
deps = { std = "MoveStdlib", sui = "Sui" }
