# @generated by Move, please check-in and do not edit manually.

[move]
version = 2
manifest_digest = "FE608FA43B822AA81BBB797A11F98A1E10BB2519DDB34E6E0523917B70393EC2"
deps_digest = "F8BBB0CCB2491CA29A3DF03D6F92277A4F3574266507ACD77214D37ECA3F3082"
dependencies = [
  { name = "Sui" },
]

[[move.package]]
name = "MoveStdlib"
source = { git = "https://github.com/MystenLabs/sui.git", rev = "framework/mainnet", subdir = "crates/sui-framework/packages/move-stdlib" }

[[move.package]]
name = "Sui"
source = { git = "https://github.com/MystenLabs/sui.git", rev = "framework/mainnet", subdir = "crates/sui-framework/packages/sui-framework" }

dependencies = [
  { name = "MoveStdlib" },
]

[move.toolchain-version]
compiler-version = "1.34.0"
edition = "2024.beta"
flavor = "sui"

[env]

[env.mainnet]
chain-id = "35834a8a"
original-published-id = "0xdeeb7a4662eec9f2f3def03fb937a663dddaa2e215b8078a284d026b7946c270"
latest-published-id = "0xdeeb7a4662eec9f2f3def03fb937a663dddaa2e215b8078a284d026b7946c270"
published-version = "1"

[env.testnet]
chain-id = "4c78adac"
original-published-id = "0x36dbef866a1d62bf7328989a10fb2f07d769f4ee587c0de4a0a256e57e0a58a8"
latest-published-id = "0x36dbef866a1d62bf7328989a10fb2f07d769f4ee587c0de4a0a256e57e0a58a8"
published-version = "1"
