# @generated by Move, please check-in and do not edit manually.

[move]
version = 2
manifest_digest = "994E4E6A89AC2CB67C90FC5E2C760048FE3A9403054BACE2BCA1992D66D2D9A6"
deps_digest = "3C4103934B1E040BB6B23F1D610B4EF9F2F1166A50A104EADCF77467C004C600"
dependencies = [
  { name = "Sui" },
  { name = "deepbook" },
]

[[move.package]]
name = "MoveStdlib"
source = { git = "https://github.com/MystenLabs/sui.git", rev = "framework/mainnet", subdir = "crates/sui-framework/packages/move-stdlib" }

[[move.package]]
name = "Sui"
source = { git = "https://github.com/MystenLabs/sui.git", rev = "framework/mainnet", subdir = "crates/sui-framework/packages/sui-framework" }

dependencies = [
  { name = "MoveStdlib" },
]

[[move.package]]
name = "deepbook"
source = { git = "https://github.com/MystenLabs/deepbookv3.git", rev = "testnet", subdir = "packages/deepbook" }

dependencies = [
  { name = "Sui" },
  { name = "token" },
]

[[move.package]]
name = "token"
source = { git = "https://github.com/MystenLabs/deepbookv3.git", rev = "testnet", subdir = "packages/token" }

dependencies = [
  { name = "Sui" },
]

[move.toolchain-version]
compiler-version = "1.33.0"
edition = "2024.beta"
flavor = "sui"
