# @generated by Move, please check-in and do not edit manually.

[move]
version = 3
manifest_digest = "B457C66E907F0B7BA3BCCEB9BA9D4AB59CE7C3936F3184736F3BDBFC6C9CA546"
deps_digest = "CAFAD8A7CF51067FB4358215BECB86BD100DD64E57C2AC8A7AE7D74B688F5965"
dependencies = [
  { id = "Bridge", name = "Bridge" },
  { id = "MoveStdlib", name = "MoveStdlib" },
  { id = "Pyth", name = "Pyth" },
  { id = "Sui", name = "Sui" },
  { id = "SuiSystem", name = "SuiSystem" },
  { id = "deepbook", name = "deepbook" },
  { id = "token", name = "token" },
]

[[move.package]]
id = "Bridge"
source = { git = "https://github.com/MystenLabs/sui.git", rev = "9a4d4016ba66c646c76c4b8d54fa9e767f240ab1", subdir = "crates/sui-framework/packages/bridge" }

dependencies = [
  { id = "MoveStdlib", name = "MoveStdlib" },
  { id = "Sui", name = "Sui" },
  { id = "SuiSystem", name = "SuiSystem" },
]

[[move.package]]
id = "MoveStdlib"
source = { git = "https://github.com/MystenLabs/sui.git", rev = "9a4d4016ba66c646c76c4b8d54fa9e767f240ab1", subdir = "crates/sui-framework/packages/move-stdlib" }

[[move.package]]
id = "Pyth"
source = { git = "https://github.com/pyth-network/pyth-crosschain.git", rev = "main", subdir = "target_chains/sui/contracts" }

dependencies = [
  { id = "Sui", name = "Sui" },
  { id = "Wormhole", name = "Wormhole" },
]

[[move.package]]
id = "Sui"
source = { git = "https://github.com/MystenLabs/sui.git", rev = "9a4d4016ba66c646c76c4b8d54fa9e767f240ab1", subdir = "crates/sui-framework/packages/sui-framework" }

dependencies = [
  { id = "MoveStdlib", name = "MoveStdlib" },
]

[[move.package]]
id = "SuiSystem"
source = { git = "https://github.com/MystenLabs/sui.git", rev = "9a4d4016ba66c646c76c4b8d54fa9e767f240ab1", subdir = "crates/sui-framework/packages/sui-system" }

dependencies = [
  { id = "MoveStdlib", name = "MoveStdlib" },
  { id = "Sui", name = "Sui" },
]

[[move.package]]
id = "Wormhole"
source = { git = "https://github.com/wormhole-foundation/wormhole.git", rev = "82d82bffd5a8566e4b5d94be4e4678ad55ab1f4f", subdir = "sui/wormhole" }

dependencies = [
  { id = "Sui", name = "Sui" },
]

[[move.package]]
id = "deepbook"
source = { local = "../deepbook" }

dependencies = [
  { id = "Bridge", name = "Bridge" },
  { id = "MoveStdlib", name = "MoveStdlib" },
  { id = "Sui", name = "Sui" },
  { id = "SuiSystem", name = "SuiSystem" },
  { id = "token", name = "token" },
]

[[move.package]]
id = "token"
source = { git = "https://github.com/MystenLabs/deepbookv3.git", rev = "main", subdir = "packages/token" }

dependencies = [
  { id = "Bridge", name = "Bridge" },
  { id = "MoveStdlib", name = "MoveStdlib" },
  { id = "Sui", name = "Sui" },
  { id = "SuiSystem", name = "SuiSystem" },
]

[move.toolchain-version]
compiler-version = "1.61.2"
edition = "2024.beta"
flavor = "sui"

[env]

[env.testnet]
chain-id = "4c78adac"
original-published-id = "0xb8620c24c9ea1a4a41e79613d2b3d1d93648d1bb6f6b789a7c8f261c94110e4b"
latest-published-id = "0xbf9e1b079fa68ffc54a84533b1c3d357019178b19e9901f262fb925454425177"
published-version = "4"
