# Generated by move; do not edit
# This file should be checked in.

[move]
version = 4

[pinned.mainnet.MoveStdlib]
source = { git = "https://github.com/MystenLabs/sui.git", subdir = "crates/sui-framework/packages/move-stdlib", rev = "b124567746b3a78a7e294ac2de265f693401ec9d" }
use_environment = "mainnet"
manifest_digest = "C4FE4C91DE74CBF223B2E380AE40F592177D21870DC2D7EB6227D2D694E05363"
deps = {}

[pinned.mainnet.MoveStdlib_1]
source = { git = "https://github.com/MystenLabs/sui.git", subdir = "crates/sui-framework/packages/move-stdlib", rev = "c2428b3aaf9c24270b609001e56d96cb10c76d28" }
use_environment = "mainnet"
manifest_digest = "C4FE4C91DE74CBF223B2E380AE40F592177D21870DC2D7EB6227D2D694E05363"
deps = {}

[pinned.mainnet.MoveStdlib_2]
source = { git = "https://github.com/MystenLabs/sui.git", subdir = "crates/sui-framework/packages/move-stdlib", rev = "a4185da5659d8d299d34e1bb2515ff1f7e32a20a" }
use_environment = "mainnet"
manifest_digest = "C4FE4C91DE74CBF223B2E380AE40F592177D21870DC2D7EB6227D2D694E05363"
deps = {}

[pinned.mainnet.Sui]
source = { git = "https://github.com/MystenLabs/sui.git", subdir = "crates/sui-framework/packages/sui-framework", rev = "b124567746b3a78a7e294ac2de265f693401ec9d" }
use_environment = "mainnet"
manifest_digest = "CD547CB1ACCE0880C835DAED2D8FFCB91D56C833AE5240D3AA5B918398263195"
deps = { MoveStdlib = "MoveStdlib" }

[pinned.mainnet.Sui_1]
source = { git = "https://github.com/MystenLabs/sui.git", subdir = "crates/sui-framework/packages/sui-framework", rev = "c2428b3aaf9c24270b609001e56d96cb10c76d28" }
use_environment = "mainnet"
manifest_digest = "CD547CB1ACCE0880C835DAED2D8FFCB91D56C833AE5240D3AA5B918398263195"
deps = { MoveStdlib = "MoveStdlib_1" }

[pinned.mainnet.Sui_2]
source = { git = "https://github.com/MystenLabs/sui.git", subdir = "crates/sui-framework/packages/sui-framework", rev = "a4185da5659d8d299d34e1bb2515ff1f7e32a20a" }
use_environment = "mainnet"
manifest_digest = "CD547CB1ACCE0880C835DAED2D8FFCB91D56C833AE5240D3AA5B918398263195"
deps = { MoveStdlib = "MoveStdlib_2" }

[pinned.mainnet.account]
source = { local = "../account" }
use_environment = "mainnet"
manifest_digest = "E41BBD67BE8940D26C79D78B028477EF5B33BA217A1282C78ACB344CF8A5ECF6"
deps = { std = "MoveStdlib", sui = "Sui" }

[pinned.mainnet.bs_oracle]
source = { git = "https://github.com/blockscholes/sui-signed-oracle.git", subdir = "move/bs_oracle", rev = "3836e65711bd61e8ee5625a45fb4364f3ec70193" }
use_environment = "mainnet"
manifest_digest = "224670ACA4BA33899A333BCF24112E6923A11AB974F5B751E4670E7DC8C5D352"
deps = { MoveStdlib = "MoveStdlib_1", Sui = "Sui_1" }

[pinned.mainnet.bs_sid]
source = { git = "https://github.com/blockscholes/sui-signed-oracle.git", subdir = "move/bs_sid", rev = "3836e65711bd61e8ee5625a45fb4364f3ec70193" }
use_environment = "mainnet"
manifest_digest = "224670ACA4BA33899A333BCF24112E6923A11AB974F5B751E4670E7DC8C5D352"
deps = { MoveStdlib = "MoveStdlib_1", Sui = "Sui_1" }

[pinned.mainnet.deepbook_predict]
source = { root = true }
use_environment = "mainnet"
manifest_digest = "21405D1EA7ABD29A2EF031222ECCAEAD1CA7A140659BB1596A73F1C0DEE1AD6B"
deps = { account = "account", bs_oracle = "bs_oracle", fixed_math = "fixed_math", propbook = "propbook", pyth_lazer = "pyth_lazer", std = "MoveStdlib", sui = "Sui", usdc = "usdc" }

[pinned.mainnet.fixed_math]
source = { local = "../fixed_math" }
use_environment = "mainnet"
manifest_digest = "E41BBD67BE8940D26C79D78B028477EF5B33BA217A1282C78ACB344CF8A5ECF6"
deps = { std = "MoveStdlib", sui = "Sui" }

[pinned.mainnet.propbook]
source = { local = "../propbook" }
use_environment = "mainnet"
manifest_digest = "94EC73591FC08E842033F4D98F891573F63BBA7466DE879745806CDE993C6243"
deps = { bs_oracle = "bs_oracle", bs_sid = "bs_sid", fixed_math = "fixed_math", pyth_lazer = "pyth_lazer", std = "MoveStdlib", sui = "Sui" }

[pinned.mainnet.pyth_lazer]
source = { git = "https://github.com/pyth-network/pyth-crosschain.git", subdir = "lazer/contracts/sui", rev = "740673b01cf9b0d764fb4e6a2051534f2943e560" }
use_environment = "mainnet"
manifest_digest = "6B38AB3F364FFA0081F4BA68D40A1F6BA0C3BB4118D02D0451C62C08F757BF3D"
deps = { std = "MoveStdlib", sui = "Sui", wormhole = "wormhole" }

[pinned.mainnet.stablecoin]
source = { git = "https://github.com/circlefin/stablecoin-sui.git", subdir = "packages/stablecoin", rev = "23fff2ed82a7fdc26e408a56553b1e1d0ba7b06f" }
use_environment = "mainnet"
manifest_digest = "D1FE50C597BE535CA6E8A169082748AB89005284E0D8263275A45A017CFA40D9"
deps = { Sui = "Sui_2", sui_extensions = "sui_extensions" }

[pinned.mainnet.sui_extensions]
source = { git = "https://github.com/circlefin/stablecoin-sui.git", subdir = "packages/sui_extensions", rev = "23fff2ed82a7fdc26e408a56553b1e1d0ba7b06f" }
use_environment = "mainnet"
manifest_digest = "A441490BFF45892FF2D2F51A362331BAB479ECDAF138E673D20F5D457D2F65B9"
deps = { Sui = "Sui_2" }

[pinned.mainnet.usdc]
source = { git = "https://github.com/circlefin/stablecoin-sui.git", subdir = "packages/usdc", rev = "23fff2ed82a7fdc26e408a56553b1e1d0ba7b06f" }
use_environment = "mainnet"
manifest_digest = "BF0D9AE6518F5174EE87CBF91CFDB3F76B83EF440B11AC27486B1448973CD02B"
deps = { Sui = "Sui_2", stablecoin = "stablecoin", sui_extensions = "sui_extensions" }

[pinned.mainnet.wormhole]
source = { git = "https://github.com/wormhole-foundation/wormhole.git", subdir = "sui/wormhole", rev = "c5a2eabe0a48654fcb1d3c98537915c2fb671c80" }
use_environment = "mainnet"
manifest_digest = "E41BBD67BE8940D26C79D78B028477EF5B33BA217A1282C78ACB344CF8A5ECF6"
deps = { std = "MoveStdlib", sui = "Sui" }

[pinned.testnet.MoveStdlib]
source = { git = "https://github.com/MystenLabs/sui.git", subdir = "crates/sui-framework/packages/move-stdlib", rev = "b124567746b3a78a7e294ac2de265f693401ec9d" }
use_environment = "testnet"
manifest_digest = "C4FE4C91DE74CBF223B2E380AE40F592177D21870DC2D7EB6227D2D694E05363"
deps = {}

[pinned.testnet.MoveStdlib_1]
source = { git = "https://github.com/MystenLabs/sui.git", subdir = "crates/sui-framework/packages/move-stdlib", rev = "c2428b3aaf9c24270b609001e56d96cb10c76d28" }
use_environment = "testnet"
manifest_digest = "C4FE4C91DE74CBF223B2E380AE40F592177D21870DC2D7EB6227D2D694E05363"
deps = {}

[pinned.testnet.Sui]
source = { git = "https://github.com/MystenLabs/sui.git", subdir = "crates/sui-framework/packages/sui-framework", rev = "b124567746b3a78a7e294ac2de265f693401ec9d" }
use_environment = "testnet"
manifest_digest = "7AFB66695545775FBFBB2D3078ADFD084244D5002392E837FDE21D9EA1C6D01C"
deps = { MoveStdlib = "MoveStdlib" }

[pinned.testnet.Sui_1]
source = { git = "https://github.com/MystenLabs/sui.git", subdir = "crates/sui-framework/packages/sui-framework", rev = "c2428b3aaf9c24270b609001e56d96cb10c76d28" }
use_environment = "testnet"
manifest_digest = "7AFB66695545775FBFBB2D3078ADFD084244D5002392E837FDE21D9EA1C6D01C"
deps = { MoveStdlib = "MoveStdlib_1" }

[pinned.testnet.account]
source = { local = "../account" }
use_environment = "testnet"
manifest_digest = "5745706258F61D6CE210904B3E6AE87A73CE9D31A6F93BE4718C442529332A87"
deps = { std = "MoveStdlib", sui = "Sui" }

[pinned.testnet.bs_oracle]
source = { git = "https://github.com/blockscholes/sui-signed-oracle.git", subdir = "move/bs_oracle", rev = "83bfec450540068a27277b40babcb6fbb26c7e11" }
use_environment = "testnet"
manifest_digest = "DEA31E1A46DEA12556D3F73C993DD95B71A42720CD2A5FAA7BA794DE8BD6F7AC"
deps = { MoveStdlib = "MoveStdlib_1", Sui = "Sui_1" }

[pinned.testnet.bs_sid]
source = { git = "https://github.com/blockscholes/sui-signed-oracle.git", subdir = "move/bs_sid", rev = "83bfec450540068a27277b40babcb6fbb26c7e11" }
use_environment = "testnet"
manifest_digest = "DEA31E1A46DEA12556D3F73C993DD95B71A42720CD2A5FAA7BA794DE8BD6F7AC"
deps = { MoveStdlib = "MoveStdlib_1", Sui = "Sui_1" }

[pinned.testnet.deepbook_predict]
source = { root = true }
use_environment = "testnet"
manifest_digest = "61EEDE9F884A80F71625AE915451A56FF88F363C7F9AADAAB1C59A14DADF17AF"
deps = { account = "account", bs_oracle = "bs_oracle", fixed_math = "fixed_math", propbook = "propbook", pyth_lazer = "pyth_lazer", std = "MoveStdlib", sui = "Sui", usdc = "usdc" }

[pinned.testnet.fixed_math]
source = { local = "../fixed_math" }
use_environment = "testnet"
manifest_digest = "5745706258F61D6CE210904B3E6AE87A73CE9D31A6F93BE4718C442529332A87"
deps = { std = "MoveStdlib", sui = "Sui" }

[pinned.testnet.propbook]
source = { local = "../propbook" }
use_environment = "testnet"
manifest_digest = "949C5E808071382BCAA3B74A9348FA5B13EC71CC2D97D36243E07267C3A67F43"
deps = { bs_oracle = "bs_oracle", bs_sid = "bs_sid", fixed_math = "fixed_math", pyth_lazer = "pyth_lazer", std = "MoveStdlib", sui = "Sui" }

[pinned.testnet.pyth_lazer]
source = { local = "../../vendor/pyth_lazer" }
use_environment = "testnet"
manifest_digest = "5E81FDEC2755540FD0DF094D7E6438DA76297B3F84F3AF7F1F0AECBF78801788"
deps = { std = "MoveStdlib", sui = "Sui", wormhole = "wormhole" }

[pinned.testnet.usdc]
source = { local = "../usdc" }
use_environment = "testnet"
manifest_digest = "5745706258F61D6CE210904B3E6AE87A73CE9D31A6F93BE4718C442529332A87"
deps = { std = "MoveStdlib", sui = "Sui" }

[pinned.testnet.wormhole]
source = { git = "https://github.com/pyth-network/wormhole.git", subdir = "sui/wormhole", rev = "a596dc27243e6b6dab95539c98b0af9836af2bc2" }
use_environment = "testnet"
manifest_digest = "5745706258F61D6CE210904B3E6AE87A73CE9D31A6F93BE4718C442529332A87"
deps = { std = "MoveStdlib", sui = "Sui" }
