# Generated by move; do not edit
# This file should be checked in.

[move]
version = 4

[pinned.testnet.MoveStdlib]
source = { git = "https://github.com/MystenLabs/sui.git", subdir = "crates/sui-framework/packages/move-stdlib", rev = "718ae563a42fb4ba0d055588f81c704dcef58c25" }
use_environment = "testnet"
manifest_digest = "C4FE4C91DE74CBF223B2E380AE40F592177D21870DC2D7EB6227D2D694E05363"
deps = {}

[pinned.testnet.Sui]
source = { git = "https://github.com/MystenLabs/sui.git", subdir = "crates/sui-framework/packages/sui-framework", rev = "718ae563a42fb4ba0d055588f81c704dcef58c25" }
use_environment = "testnet"
manifest_digest = "7AFB66695545775FBFBB2D3078ADFD084244D5002392E837FDE21D9EA1C6D01C"
deps = { MoveStdlib = "MoveStdlib" }

[pinned.testnet.block_scholes_oracle]
source = { local = "../block_scholes_oracle" }
use_environment = "testnet"
manifest_digest = "5745706258F61D6CE210904B3E6AE87A73CE9D31A6F93BE4718C442529332A87"
deps = { std = "MoveStdlib", sui = "Sui" }

[pinned.testnet.fixed_math]
source = { local = "../fixed_math" }
use_environment = "testnet"
manifest_digest = "5745706258F61D6CE210904B3E6AE87A73CE9D31A6F93BE4718C442529332A87"
deps = { std = "MoveStdlib", sui = "Sui" }

[pinned.testnet.propbook]
source = { root = true }
use_environment = "testnet"
manifest_digest = "ED9CDC80A5F37F1F76046BE964577AAE65935CBB1B6D7D3F0996C882614C21AA"
deps = { block_scholes_oracle = "block_scholes_oracle", fixed_math = "fixed_math", pyth_lazer = "pyth_lazer", std = "MoveStdlib", sui = "Sui", wormhole = "wormhole" }

[pinned.testnet.pyth_lazer]
source = { git = "https://github.com/pyth-network/pyth-crosschain.git", subdir = "lazer/contracts/sui", rev = "f80ff8b1aa2aa9ca17530a9b6294d254f938a5bf" }
use_environment = "testnet"
manifest_digest = "F288C113E77B36A432FB5039A19D4903E4D010F3359CFAA71EB297F9F67E3224"
deps = { std = "MoveStdlib", sui = "Sui", wormhole = "wormhole" }

[pinned.testnet.wormhole]
source = { git = "https://github.com/pyth-network/wormhole.git", subdir = "sui/wormhole", rev = "a596dc27243e6b6dab95539c98b0af9836af2bc2" }
use_environment = "testnet"
manifest_digest = "5745706258F61D6CE210904B3E6AE87A73CE9D31A6F93BE4718C442529332A87"
deps = { std = "MoveStdlib", sui = "Sui" }
