# Generated by move; do not edit
# This file should be checked in.

[move]
version = 4

[pinned.mainnet.MoveStdlib]
source = { git = "https://github.com/MystenLabs/sui.git", subdir = "crates/sui-framework/packages/move-stdlib", rev = "b124567746b3a78a7e294ac2de265f693401ec9d" }
use_environment = "mainnet"
manifest_digest = "C4FE4C91DE74CBF223B2E380AE40F592177D21870DC2D7EB6227D2D694E05363"
deps = {}

[pinned.mainnet.MoveStdlib_1]
source = { git = "https://github.com/MystenLabs/sui.git", subdir = "crates/sui-framework/packages/move-stdlib", rev = "c2428b3aaf9c24270b609001e56d96cb10c76d28" }
use_environment = "mainnet"
manifest_digest = "C4FE4C91DE74CBF223B2E380AE40F592177D21870DC2D7EB6227D2D694E05363"
deps = {}

[pinned.mainnet.Sui]
source = { git = "https://github.com/MystenLabs/sui.git", subdir = "crates/sui-framework/packages/sui-framework", rev = "b124567746b3a78a7e294ac2de265f693401ec9d" }
use_environment = "mainnet"
manifest_digest = "CD547CB1ACCE0880C835DAED2D8FFCB91D56C833AE5240D3AA5B918398263195"
deps = { MoveStdlib = "MoveStdlib" }

[pinned.mainnet.Sui_1]
source = { git = "https://github.com/MystenLabs/sui.git", subdir = "crates/sui-framework/packages/sui-framework", rev = "c2428b3aaf9c24270b609001e56d96cb10c76d28" }
use_environment = "mainnet"
manifest_digest = "CD547CB1ACCE0880C835DAED2D8FFCB91D56C833AE5240D3AA5B918398263195"
deps = { MoveStdlib = "MoveStdlib_1" }

[pinned.mainnet.bs_oracle]
source = { git = "https://github.com/blockscholes/sui-signed-oracle.git", subdir = "move/bs_oracle", rev = "3836e65711bd61e8ee5625a45fb4364f3ec70193" }
use_environment = "mainnet"
manifest_digest = "224670ACA4BA33899A333BCF24112E6923A11AB974F5B751E4670E7DC8C5D352"
deps = { MoveStdlib = "MoveStdlib_1", Sui = "Sui_1" }

[pinned.mainnet.bs_sid]
source = { git = "https://github.com/blockscholes/sui-signed-oracle.git", subdir = "move/bs_sid", rev = "3836e65711bd61e8ee5625a45fb4364f3ec70193" }
use_environment = "mainnet"
manifest_digest = "224670ACA4BA33899A333BCF24112E6923A11AB974F5B751E4670E7DC8C5D352"
deps = { MoveStdlib = "MoveStdlib_1", Sui = "Sui_1" }

[pinned.mainnet.fixed_math]
source = { local = "../fixed_math" }
use_environment = "mainnet"
manifest_digest = "E41BBD67BE8940D26C79D78B028477EF5B33BA217A1282C78ACB344CF8A5ECF6"
deps = { std = "MoveStdlib", sui = "Sui" }

[pinned.mainnet.propbook]
source = { root = true }
use_environment = "mainnet"
manifest_digest = "94EC73591FC08E842033F4D98F891573F63BBA7466DE879745806CDE993C6243"
deps = { bs_oracle = "bs_oracle", bs_sid = "bs_sid", fixed_math = "fixed_math", pyth_lazer = "pyth_lazer", std = "MoveStdlib", sui = "Sui" }

[pinned.mainnet.pyth_lazer]
source = { git = "https://github.com/pyth-network/pyth-crosschain.git", subdir = "lazer/contracts/sui", rev = "740673b01cf9b0d764fb4e6a2051534f2943e560" }
use_environment = "mainnet"
manifest_digest = "6B38AB3F364FFA0081F4BA68D40A1F6BA0C3BB4118D02D0451C62C08F757BF3D"
deps = { std = "MoveStdlib", sui = "Sui", wormhole = "wormhole" }

[pinned.mainnet.wormhole]
source = { git = "https://github.com/wormhole-foundation/wormhole.git", subdir = "sui/wormhole", rev = "c5a2eabe0a48654fcb1d3c98537915c2fb671c80" }
use_environment = "mainnet"
manifest_digest = "E41BBD67BE8940D26C79D78B028477EF5B33BA217A1282C78ACB344CF8A5ECF6"
deps = { std = "MoveStdlib", sui = "Sui" }

[pinned.testnet.MoveStdlib]
source = { git = "https://github.com/MystenLabs/sui.git", subdir = "crates/sui-framework/packages/move-stdlib", rev = "b124567746b3a78a7e294ac2de265f693401ec9d" }
use_environment = "testnet"
manifest_digest = "C4FE4C91DE74CBF223B2E380AE40F592177D21870DC2D7EB6227D2D694E05363"
deps = {}

[pinned.testnet.MoveStdlib_1]
source = { git = "https://github.com/MystenLabs/sui.git", subdir = "crates/sui-framework/packages/move-stdlib", rev = "c2428b3aaf9c24270b609001e56d96cb10c76d28" }
use_environment = "testnet"
manifest_digest = "C4FE4C91DE74CBF223B2E380AE40F592177D21870DC2D7EB6227D2D694E05363"
deps = {}

[pinned.testnet.Sui]
source = { git = "https://github.com/MystenLabs/sui.git", subdir = "crates/sui-framework/packages/sui-framework", rev = "b124567746b3a78a7e294ac2de265f693401ec9d" }
use_environment = "testnet"
manifest_digest = "7AFB66695545775FBFBB2D3078ADFD084244D5002392E837FDE21D9EA1C6D01C"
deps = { MoveStdlib = "MoveStdlib" }

[pinned.testnet.Sui_1]
source = { git = "https://github.com/MystenLabs/sui.git", subdir = "crates/sui-framework/packages/sui-framework", rev = "c2428b3aaf9c24270b609001e56d96cb10c76d28" }
use_environment = "testnet"
manifest_digest = "7AFB66695545775FBFBB2D3078ADFD084244D5002392E837FDE21D9EA1C6D01C"
deps = { MoveStdlib = "MoveStdlib_1" }

[pinned.testnet.bs_oracle]
source = { git = "https://github.com/blockscholes/sui-signed-oracle.git", subdir = "move/bs_oracle", rev = "83bfec450540068a27277b40babcb6fbb26c7e11" }
use_environment = "testnet"
manifest_digest = "DEA31E1A46DEA12556D3F73C993DD95B71A42720CD2A5FAA7BA794DE8BD6F7AC"
deps = { MoveStdlib = "MoveStdlib_1", Sui = "Sui_1" }

[pinned.testnet.bs_sid]
source = { git = "https://github.com/blockscholes/sui-signed-oracle.git", subdir = "move/bs_sid", rev = "83bfec450540068a27277b40babcb6fbb26c7e11" }
use_environment = "testnet"
manifest_digest = "DEA31E1A46DEA12556D3F73C993DD95B71A42720CD2A5FAA7BA794DE8BD6F7AC"
deps = { MoveStdlib = "MoveStdlib_1", Sui = "Sui_1" }

[pinned.testnet.fixed_math]
source = { local = "../fixed_math" }
use_environment = "testnet"
manifest_digest = "5745706258F61D6CE210904B3E6AE87A73CE9D31A6F93BE4718C442529332A87"
deps = { std = "MoveStdlib", sui = "Sui" }

[pinned.testnet.propbook]
source = { root = true }
use_environment = "testnet"
manifest_digest = "B7500D178DEDFD12B51F96B38331833FD5D9E07FC0D96660CC173838F243DC20"
deps = { bs_oracle = "bs_oracle", bs_sid = "bs_sid", fixed_math = "fixed_math", pyth_lazer = "pyth_lazer", std = "MoveStdlib", sui = "Sui", wormhole = "wormhole" }

[pinned.testnet.pyth_lazer]
source = { git = "https://github.com/pyth-network/pyth-crosschain.git", subdir = "lazer/contracts/sui", rev = "f80ff8b1aa2aa9ca17530a9b6294d254f938a5bf" }
use_environment = "testnet"
manifest_digest = "F288C113E77B36A432FB5039A19D4903E4D010F3359CFAA71EB297F9F67E3224"
deps = { std = "MoveStdlib", sui = "Sui", wormhole = "wormhole" }

[pinned.testnet.wormhole]
source = { git = "https://github.com/pyth-network/wormhole.git", subdir = "sui/wormhole", rev = "a596dc27243e6b6dab95539c98b0af9836af2bc2" }
use_environment = "testnet"
manifest_digest = "5745706258F61D6CE210904B3E6AE87A73CE9D31A6F93BE4718C442529332A87"
deps = { std = "MoveStdlib", sui = "Sui" }
