# @generated by Move, please check-in and do not edit manually.

[move]
version = 3
manifest_digest = "77450CAF5CB6CF95D38E61C7F44F5C35EF483F5B232C93A8039C28ECA9AC8BA1"
deps_digest = "3C4103934B1E040BB6B23F1D610B4EF9F2F1166A50A104EADCF77467C004C600"
dependencies = [
  { id = "Sui", name = "Sui" },
  { id = "token", name = "token" },
]

[[move.package]]
id = "MoveStdlib"
source = { git = "https://github.com/MystenLabs/sui.git", rev = "framework/mainnet", subdir = "crates/sui-framework/packages/move-stdlib" }

[[move.package]]
id = "Sui"
source = { git = "https://github.com/MystenLabs/sui.git", rev = "framework/mainnet", subdir = "crates/sui-framework/packages/sui-framework" }

dependencies = [
  { id = "MoveStdlib", name = "MoveStdlib" },
]

[[move.package]]
id = "token"
source = { local = "../token" }

dependencies = [
  { id = "Sui", name = "Sui" },
]

[move.toolchain-version]
compiler-version = "1.49.2"
edition = "2024.beta"
flavor = "sui"

[env]

[env.testnet]
chain-id = "4c78adac"
original-published-id = "0xfb28c4cbc6865bd1c897d26aecbe1f8792d1509a20ffec692c800660cbec6982"
latest-published-id = "0xa3886aaa8aa831572dd39549242ca004a438c3a55967af9f0387ad2b01595068"
published-version = "4"

[env.mainnet]
chain-id = "35834a8a"
original-published-id = "0x2c8d603bc51326b8c13cef9dd07031a408a48dddb541963357661df5d3204809"
latest-published-id = "0xb29d83c26cdd2a64959263abbcfc4a6937f0c9fccaf98580ca56faded65be244"
published-version = "3"
