# Generated by move; do not edit
# This file should be checked in.

[move]
version = 4

[pinned.mainnet.MoveStdlib]
source = { git = "https://github.com/MystenLabs/sui.git", subdir = "crates/sui-framework/packages/move-stdlib", rev = "22f9fc9781732d651e18384c9a8eb1dabddf73a6" }
use_environment = "mainnet"
manifest_digest = "C4FE4C91DE74CBF223B2E380AE40F592177D21870DC2D7EB6227D2D694E05363"
deps = {}

[pinned.mainnet.Sui]
source = { git = "https://github.com/MystenLabs/sui.git", subdir = "crates/sui-framework/packages/sui-framework", rev = "22f9fc9781732d651e18384c9a8eb1dabddf73a6" }
use_environment = "mainnet"
manifest_digest = "CD547CB1ACCE0880C835DAED2D8FFCB91D56C833AE5240D3AA5B918398263195"
deps = { MoveStdlib = "MoveStdlib" }

[pinned.mainnet.deepbook]
source = { root = true }
use_environment = "mainnet"
manifest_digest = "F4948AC65D214ECC0561B7E94987B2AF2D7BF78658F6AE5CA5D0E1DA68873872"
deps = { std = "MoveStdlib", sui = "Sui", token = "token" }

[pinned.mainnet.token]
source = { git = "https://github.com/MystenLabs/deepbookv3.git", subdir = "packages/token", rev = "1dcb2fc7a60d4767111fd72231f466543cc421a8" }
use_environment = "mainnet"
manifest_digest = "E41BBD67BE8940D26C79D78B028477EF5B33BA217A1282C78ACB344CF8A5ECF6"
deps = { std = "MoveStdlib", sui = "Sui" }
