# @generated by Move, please check-in and do not edit manually.

[move]
version = 2
manifest_digest = "77450CAF5CB6CF95D38E61C7F44F5C35EF483F5B232C93A8039C28ECA9AC8BA1"
deps_digest = "3C4103934B1E040BB6B23F1D610B4EF9F2F1166A50A104EADCF77467C004C600"
dependencies = [
  { name = "Sui" },
  { name = "token" },
]

[[move.package]]
name = "MoveStdlib"
source = { git = "https://github.com/MystenLabs/sui.git", rev = "framework/mainnet", subdir = "crates/sui-framework/packages/move-stdlib" }

[[move.package]]
name = "Sui"
source = { git = "https://github.com/MystenLabs/sui.git", rev = "framework/mainnet", subdir = "crates/sui-framework/packages/sui-framework" }

dependencies = [
  { name = "MoveStdlib" },
]

[[move.package]]
name = "token"
source = { local = "../token" }

dependencies = [
  { name = "Sui" },
]

[move.toolchain-version]
compiler-version = "1.34.0"
edition = "2024.beta"
flavor = "sui"

[env]

[env.testnet]
chain-id = "4c78adac"
original-published-id = "0xc819e689055c241fa1f35a4c87217809edc11b2e73a10fe93300f623e434ecf4"
latest-published-id = "0xd97efea24d2b2f215adb9423211dc9c659cbc25635bdcad2cb2c92e3d28b6474"
published-version = "2"
