# @generated by Move, please check-in and do not edit manually.

[move]
version = 2
manifest_digest = "8E0B7E827D78C240DDA9228CF49E8FE2C948201335D70D8A0F3576D490D2D16B"
deps_digest = "F8BBB0CCB2491CA29A3DF03D6F92277A4F3574266507ACD77214D37ECA3F3082"
dependencies = [
  { name = "Sui" },
]

[[move.package]]
name = "MoveStdlib"
source = { git = "https://github.com/MystenLabs/sui.git", rev = "framework/mainnet", subdir = "crates/sui-framework/packages/move-stdlib" }

[[move.package]]
name = "Sui"
source = { git = "https://github.com/MystenLabs/sui.git", rev = "framework/mainnet", subdir = "crates/sui-framework/packages/sui-framework" }

dependencies = [
  { name = "MoveStdlib" },
]

[move.toolchain-version]
compiler-version = "1.26.0"
edition = "2024.beta"
flavor = "sui"

[env]

[env.testnet]
chain-id = "4c78adac"
original-published-id = "0x6e228d720912a68e9c38d2b89f930988c4aab7560a32d311e00fc5f1aa821e8d"
latest-published-id = "0x6e228d720912a68e9c38d2b89f930988c4aab7560a32d311e00fc5f1aa821e8d"
published-version = "1"
