# Generated by move; do not edit
# This file should be checked in.

[move]
version = 4

[pinned.sim.MoveStdlib]
source = { git = "https://github.com/MystenLabs/sui.git", subdir = "crates/sui-framework/packages/move-stdlib", rev = "b38bca86f0323b3fe8b6b7f4ca0cd7ae7faebe4b" }
use_environment = "sim"
manifest_digest = "C4FE4C91DE74CBF223B2E380AE40F592177D21870DC2D7EB6227D2D694E05363"
deps = {}

[pinned.sim.Sui]
source = { git = "https://github.com/MystenLabs/sui.git", subdir = "crates/sui-framework/packages/sui-framework", rev = "b38bca86f0323b3fe8b6b7f4ca0cd7ae7faebe4b" }
use_environment = "sim"
manifest_digest = "35B5237791A394F709CED772CFEFA4915605AD733A30C970ECA3D81A4C229ADC"
deps = { MoveStdlib = "MoveStdlib" }

[pinned.sim.dusdc]
source = { root = true }
use_environment = "sim"
manifest_digest = "10B11813D5034DCAFF773A47A50FE389E24450A138B8583A7268E113FF3ED81D"
deps = { std = "MoveStdlib", sui = "Sui" }
